
Microsoft Visual Studio Solution File, Format Version 12.00
# Visual Studio Version 17
VisualStudioVersion = 17.0.31903.59
MinimumVisualStudioVersion = 10.0.40219.1
Project("{2150E333-8FDC-42A3-9474-1A3956D46DE8}") = "L5", "L5", "{78A845B8-46C0-40B7-9303-0CB332222504}"
EndProject
Project("{FAE04EC0-301F-11D3-BF4B-00C04F79EFBC}") = "L5", "L5\L5\L5.csproj", "{862451E2-F11F-4258-B1AE-E68A630ECE46}"
EndProject
Project("{FAE04EC0-301F-11D3-BF4B-00C04F79EFBC}") = "Test", "..\Idk\Test\Test.csproj", "{10DB6225-3A75-462A-A7F4-9B8705B50200}"
EndProject
Global
	GlobalSection(SolutionConfigurationPlatforms) = preSolution
		Debug|Any CPU = Debug|Any CPU
		Release|Any CPU = Release|Any CPU
	EndGlobalSection
	GlobalSection(SolutionProperties) = preSolution
		HideSolutionNode = FALSE
	EndGlobalSection
	GlobalSection(ProjectConfigurationPlatforms) = postSolution
		{862451E2-F11F-4258-B1AE-E68A630ECE46}.Debug|Any CPU.ActiveCfg = Debug|Any CPU
		{862451E2-F11F-4258-B1AE-E68A630ECE46}.Debug|Any CPU.Build.0 = Debug|Any CPU
		{862451E2-F11F-4258-B1AE-E68A630ECE46}.Release|Any CPU.ActiveCfg = Release|Any CPU
		{862451E2-F11F-4258-B1AE-E68A630ECE46}.Release|Any CPU.Build.0 = Release|Any CPU
		{10DB6225-3A75-462A-A7F4-9B8705B50200}.Debug|Any CPU.ActiveCfg = Debug|Any CPU
		{10DB6225-3A75-462A-A7F4-9B8705B50200}.Debug|Any CPU.Build.0 = Debug|Any CPU
		{10DB6225-3A75-462A-A7F4-9B8705B50200}.Release|Any CPU.ActiveCfg = Release|Any CPU
		{10DB6225-3A75-462A-A7F4-9B8705B50200}.Release|Any CPU.Build.0 = Release|Any CPU
	EndGlobalSection
	GlobalSection(NestedProjects) = preSolution
		{862451E2-F11F-4258-B1AE-E68A630ECE46} = {78A845B8-46C0-40B7-9303-0CB332222504}
	EndGlobalSection
EndGlobal
